github.com/jpanther/congo/v2 v2.8.2 h1:UNg7225ZqLSt9zu0xBOh5iM9TXnuNG1Ta9eSsioHTEE=
github.com/jpanther/congo/v2 v2.8.2/go.mod h1:1S7DRoO1ZYS4YUdFd1LjTkdyjQwsjFWd8TqSfz3Jd+M=
github.com/nicokaiser/hugo-theme-gallery/v4 v4.1.7 h1:GmmQHzi29DJJt/r0bCxIfSDrW/znCcL4goTmJtiKaXo=
github.com/nicokaiser/hugo-theme-gallery/v4 v4.1.7/go.mod h1:oVtY67dE9NbaJw9jM4G5moHAcgT/UXxdcIQhs52KPoU=
